# This file is automatically @generated by Cargo.
# It is not intended for manual editing.
version = 4

[[package]]
name = "voom-api"
version = "0.1.0-dev"

[[package]]
name = "voom-artifact"
version = "0.1.0-dev"

[[package]]
name = "voom-cli"
version = "0.1.0-dev"

[[package]]
name = "voom-control-plane"
version = "0.1.0-dev"

[[package]]
name = "voom-core"
version = "0.1.0-dev"

[[package]]
name = "voom-events"
version = "0.1.0-dev"

[[package]]
name = "voom-plan"
version = "0.1.0-dev"

[[package]]
name = "voom-policy"
version = "0.1.0-dev"

[[package]]
name = "voom-scheduler"
version = "0.1.0-dev"

[[package]]
name = "voom-store"
version = "0.1.0-dev"

[[package]]
name = "voom-worker-protocol"
version = "0.1.0-dev"
